
Microsoft Visual Studio Solution File, Format Version 12.00
# Visual Studio Version 16
VisualStudioVersion = 16.0.31005.135
MinimumVisualStudioVersion = 10.0.40219.1
Project("{FAE04EC0-301F-11D3-BF4B-00C04F79EFBC}") = "DZ_API", "DZ_API\DZ_API.csproj", "{881A0FD8-9933-4A18-A1CC-DB937661D9B8}"
EndProject
Project("{FAE04EC0-301F-11D3-BF4B-00C04F79EFBC}") = "Calculation", "Calculation\Calculation.csproj", "{E3D41439-9617-4130-9294-846B3BA3C550}"
EndProject
Project("{FAE04EC0-301F-11D3-BF4B-00C04F79EFBC}") = "CountStr", "CountStr\CountStr.csproj", "{660BB967-8BCE-4204-8898-081348FC8EB5}"
EndProject
Project("{FAE04EC0-301F-11D3-BF4B-00C04F79EFBC}") = "Fibonachi_DZ", "Fibonachi_DZ\Fibonachi_DZ.csproj", "{B25DC3B7-9E4F-4ED5-ACEA-272361AF47F5}"
EndProject
Project("{FAE04EC0-301F-11D3-BF4B-00C04F79EFBC}") = "FindWord_DZ", "FindWord_DZ\FindWord_DZ.csproj", "{BA04DCA2-ADA9-4683-B7CD-434F7AE63613}"
EndProject
Global
	GlobalSection(SolutionConfigurationPlatforms) = preSolution
		Debug|Any CPU = Debug|Any CPU
		Release|Any CPU = Release|Any CPU
	EndGlobalSection
	GlobalSection(ProjectConfigurationPlatforms) = postSolution
		{881A0FD8-9933-4A18-A1CC-DB937661D9B8}.Debug|Any CPU.ActiveCfg = Debug|Any CPU
		{881A0FD8-9933-4A18-A1CC-DB937661D9B8}.Debug|Any CPU.Build.0 = Debug|Any CPU
		{881A0FD8-9933-4A18-A1CC-DB937661D9B8}.Release|Any CPU.ActiveCfg = Release|Any CPU
		{881A0FD8-9933-4A18-A1CC-DB937661D9B8}.Release|Any CPU.Build.0 = Release|Any CPU
		{E3D41439-9617-4130-9294-846B3BA3C550}.Debug|Any CPU.ActiveCfg = Debug|Any CPU
		{E3D41439-9617-4130-9294-846B3BA3C550}.Debug|Any CPU.Build.0 = Debug|Any CPU
		{E3D41439-9617-4130-9294-846B3BA3C550}.Release|Any CPU.ActiveCfg = Release|Any CPU
		{E3D41439-9617-4130-9294-846B3BA3C550}.Release|Any CPU.Build.0 = Release|Any CPU
		{660BB967-8BCE-4204-8898-081348FC8EB5}.Debug|Any CPU.ActiveCfg = Debug|Any CPU
		{660BB967-8BCE-4204-8898-081348FC8EB5}.Debug|Any CPU.Build.0 = Debug|Any CPU
		{660BB967-8BCE-4204-8898-081348FC8EB5}.Release|Any CPU.ActiveCfg = Release|Any CPU
		{660BB967-8BCE-4204-8898-081348FC8EB5}.Release|Any CPU.Build.0 = Release|Any CPU
		{B25DC3B7-9E4F-4ED5-ACEA-272361AF47F5}.Debug|Any CPU.ActiveCfg = Debug|Any CPU
		{B25DC3B7-9E4F-4ED5-ACEA-272361AF47F5}.Debug|Any CPU.Build.0 = Debug|Any CPU
		{B25DC3B7-9E4F-4ED5-ACEA-272361AF47F5}.Release|Any CPU.ActiveCfg = Release|Any CPU
		{B25DC3B7-9E4F-4ED5-ACEA-272361AF47F5}.Release|Any CPU.Build.0 = Release|Any CPU
		{BA04DCA2-ADA9-4683-B7CD-434F7AE63613}.Debug|Any CPU.ActiveCfg = Debug|Any CPU
		{BA04DCA2-ADA9-4683-B7CD-434F7AE63613}.Debug|Any CPU.Build.0 = Debug|Any CPU
		{BA04DCA2-ADA9-4683-B7CD-434F7AE63613}.Release|Any CPU.ActiveCfg = Release|Any CPU
		{BA04DCA2-ADA9-4683-B7CD-434F7AE63613}.Release|Any CPU.Build.0 = Release|Any CPU
	EndGlobalSection
	GlobalSection(SolutionProperties) = preSolution
		HideSolutionNode = FALSE
	EndGlobalSection
	GlobalSection(ExtensibilityGlobals) = postSolution
		SolutionGuid = {1EFAB547-983E-46E1-9A2C-DA0D25B2D66A}
	EndGlobalSection
EndGlobal
